
Microsoft Visual Studio Solution File, Format Version 12.00
# Visual Studio Version 17
VisualStudioVersion = 17.9.34616.47
MinimumVisualStudioVersion = 10.0.40219.1
Project("{8BC9CEB8-8B4A-11D0-8D11-00A0C91BC942}") = "stackusinglinkedlist_0134", "stackusinglinkedlist_0134\stackusinglinkedlist_0134.vcxproj", "{EB1873E2-7536-4005-8336-EB524D9B6139}"
EndProject
Global
	GlobalSection(SolutionConfigurationPlatforms) = preSolution
		Debug|x64 = Debug|x64
		Debug|x86 = Debug|x86
		Release|x64 = Release|x64
		Release|x86 = Release|x86
	EndGlobalSection
	GlobalSection(ProjectConfigurationPlatforms) = postSolution
		{EB1873E2-7536-4005-8336-EB524D9B6139}.Debug|x64.ActiveCfg = Debug|x64
		{EB1873E2-7536-4005-8336-EB524D9B6139}.Debug|x64.Build.0 = Debug|x64
		{EB1873E2-7536-4005-8336-EB524D9B6139}.Debug|x86.ActiveCfg = Debug|Win32
		{EB1873E2-7536-4005-8336-EB524D9B6139}.Debug|x86.Build.0 = Debug|Win32
		{EB1873E2-7536-4005-8336-EB524D9B6139}.Release|x64.ActiveCfg = Release|x64
		{EB1873E2-7536-4005-8336-EB524D9B6139}.Release|x64.Build.0 = Release|x64
		{EB1873E2-7536-4005-8336-EB524D9B6139}.Release|x86.ActiveCfg = Release|Win32
		{EB1873E2-7536-4005-8336-EB524D9B6139}.Release|x86.Build.0 = Release|Win32
	EndGlobalSection
	GlobalSection(SolutionProperties) = preSolution
		HideSolutionNode = FALSE
	EndGlobalSection
	GlobalSection(ExtensibilityGlobals) = postSolution
		SolutionGuid = {6787A064-014C-4AB5-B25B-C66F65E3C919}
	EndGlobalSection
EndGlobal
